# THIS IS AN AUTOGENERATED FILE. DO NOT EDIT THIS FILE DIRECTLY.
# yarn lockfile v1


"@flatpak-node-generator-tests/registry-package@*":
  version "1.0.0"
  resolved "http://localhost:4873/@flatpak-node-generator-tests%2fregistry-package/-/registry-package-1.0.0.tgz#1c677ccdfe9442572d73b64b4f01268fa3f302a9"
  integrity sha512-dyHOPsVMVjCUtyL7jeqs+ISkpRnXV88lkObwNJvYl33f/nWiKj/luzfoE4wgYOcmRuYwLNgAV/Y2SD19aHWDng==
