{
  "version": "5",
  "jsr": {
    "@std/encoding@1.0.10": {
      "integrity": "8783c6384a2d13abd5e9e87a7ae0520a30e9f56aeeaa3bdf910a3eaaf5c811a1"
    }
  },
  "npm": {
    "left-pad@1.3.0": {
      "integrity": "sha512-1r9Z1tcHTul3e8DqRLVQjaxAg/P6nxsVXni4eWh05rq6ArlTc95xJMu38xpv8uKXuX4nHCqB6f+GO6zkRgLr1w==",
      "engines": {
        "node": ">=0.10.0"
      }
    }
  },
  "remote": {
    "https://deno.land/std@0.203.0/uuid/v1.ts": "b6e2e2c1e2c1e2c1e2c1e2c1e2c1e2c1e2c1e2c1e2c1e2c1e2c1e2c1e2c1e2c1"
  }
}