# THIS IS AN AUTOGENERATED FILE. DO NOT EDIT THIS FILE DIRECTLY.
# yarn lockfile v1


"is-empty-object@github:gummesson/is-empty-object#7b50c8eb4e14135631f7c94e01c0c8a36e5d75f8":
  version "1.1.1"
  resolved "https://codeload.github.com/gummesson/is-empty-object/tar.gz/7b50c8eb4e14135631f7c94e01c0c8a36e5d75f8"

"is-number@github:jonschlinkert/is-number":
  version "7.0.0"
  resolved "https://codeload.github.com/jonschlinkert/is-number/tar.gz/98e8ff1da1a89f93d1397a24d7413ed15421c139"

"person-lib@gitlab:volodymyrkr/person-lib":
  version "1.0.1"
  resolved "git+ssh://git@gitlab.com/volodymyrkr/person-lib.git#752fd1828b1eb3a9635bf725ae5e1704a375e524"

"to-camel-case@git+ssh://git@github.com:ianstormtaylor/to-camel-case.git":
  version "1.0.0"
  resolved "git+ssh://git@github.com:ianstormtaylor/to-camel-case.git#00a20429b600ddb6e4f8ff5b17c52914f40fe67d"
  dependencies:
    to-space-case "^1.0.0"

"to-capital-case@git+https://git@github.com/ianstormtaylor/to-capital-case.git":
  version "1.0.0"
  resolved "git+https://git@github.com/ianstormtaylor/to-capital-case.git#b82f61e00e099b01514e25177bb2d56d0f64b157"
  dependencies:
    to-space-case "^1.0.0"

to-no-case@^1.0.0:
  version "1.0.2"
  resolved "https://registry.yarnpkg.com/to-no-case/-/to-no-case-1.0.2.tgz#c722907164ef6b178132c8e69930212d1b4aa16a"
  integrity sha512-Z3g735FxuZY8rodxV4gH7LxClE4H0hTIyHNIHdk+vpQxjLm0cwnKXq/OFVZ76SOQmto7txVcwSCwkU5kqp+FKg==

"to-no-case@git+https://git@github.com/ianstormtaylor/to-no-case.git#9078578dcf394e63f34fd7c6666772192e537b90":
  version "1.0.0"
  resolved "git+https://git@github.com/ianstormtaylor/to-no-case.git#9078578dcf394e63f34fd7c6666772192e537b90"

to-space-case@^1.0.0:
  version "1.0.0"
  resolved "https://registry.yarnpkg.com/to-space-case/-/to-space-case-1.0.0.tgz#b052daafb1b2b29dc770cea0163e5ec0ebc9fc17"
  integrity sha512-rLdvwXZ39VOn1IxGL3V6ZstoTbwLRckQmn/U8ZDLuWwIXNpuZDhQ3AiRUlhTbOXFVE9C+dR51wM0CBDhk31VcA==
  dependencies:
    to-no-case "^1.0.0"

"to-space-case@git+ssh://git@github.com:ianstormtaylor/to-space-case.git#aa68213d1211745ce7c6c725ba072e6b13bef640":
  version "1.0.0"
  resolved "git+ssh://git@github.com:ianstormtaylor/to-space-case.git#aa68213d1211745ce7c6c725ba072e6b13bef640"
  dependencies:
    to-no-case "^1.0.0"
